// !$*UTF8*$!
{
	archiveVersion = 1;
	classes = {
	};
	objectVersion = 56;
	objects = {

/* Begin PBXBuildFile section */
		4930E36929036B51002DF753 /* SleepTightApp.swift in Sources */ = {isa = PBXBuildFile; fileRef = 4930E36829036B51002DF753 /* SleepTightApp.swift */; };
		4930E36B29036B51002DF753 /* MotherView.swift in Sources */ = {isa = PBXBuildFile; fileRef = 4930E36A29036B51002DF753 /* MotherView.swift */; };
		4930E37129036B52002DF753 /* Preview Assets.xcassets in Resources */ = {isa = PBXBuildFile; fileRef = 4930E37029036B52002DF753 /* Preview Assets.xcassets */; };
		4930E378290373F0002DF753 /* LaunchScreen.swift in Sources */ = {isa = PBXBuildFile; fileRef = 4930E377290373F0002DF753 /* LaunchScreen.swift */; };
		4930E37A29038B15002DF753 /* UserLoginScreen.swift in Sources */ = {isa = PBXBuildFile; fileRef = 4930E37929038B15002DF753 /* UserLoginScreen.swift */; };
		497AC62429044C2800540944 /* Helper.swift in Sources */ = {isa = PBXBuildFile; fileRef = 497AC62329044C2800540944 /* Helper.swift */; };
		497AC62629044F3900540944 /* ViewRouter.swift in Sources */ = {isa = PBXBuildFile; fileRef = 497AC62529044F3900540944 /* ViewRouter.swift */; };
		49CD0FA129045AD700087BCF /* GoogleService-Info.plist in Resources */ = {isa = PBXBuildFile; fileRef = 49CD0FA029045AD700087BCF /* GoogleService-Info.plist */; };
		49CD0FA429045B6200087BCF /* FirebaseAuth in Frameworks */ = {isa = PBXBuildFile; productRef = 49CD0FA329045B6200087BCF /* FirebaseAuth */; };
		49CD0FA629045D4D00087BCF /* UserRegistrationScreen.swift in Sources */ = {isa = PBXBuildFile; fileRef = 49CD0FA529045D4D00087BCF /* UserRegistrationScreen.swift */; };
		49CD0FA82904605900087BCF /* DoctorRegistrationScreen.swift in Sources */ = {isa = PBXBuildFile; fileRef = 49CD0FA72904605900087BCF /* DoctorRegistrationScreen.swift */; };
		49CD0FAA2904608500087BCF /* UserHomePage.swift in Sources */ = {isa = PBXBuildFile; fileRef = 49CD0FA92904608500087BCF /* UserHomePage.swift */; };
		49CD0FAC2904609100087BCF /* DoctorPatientList.swift in Sources */ = {isa = PBXBuildFile; fileRef = 49CD0FAB2904609100087BCF /* DoctorPatientList.swift */; };
		49CD0FAE29046EAB00087BCF /* ChooseTypeScreen.swift in Sources */ = {isa = PBXBuildFile; fileRef = 49CD0FAD29046EAB00087BCF /* ChooseTypeScreen.swift */; };
		49CD0FB02904717900087BCF /* DoctorLoginScreen.swift in Sources */ = {isa = PBXBuildFile; fileRef = 49CD0FAF2904717900087BCF /* DoctorLoginScreen.swift */; };
/* End PBXBuildFile section */

/* Begin PBXFileReference section */
		4930E36529036B51002DF753 /* SleepTight.app */ = {isa = PBXFileReference; explicitFileType = wrapper.application; includeInIndex = 0; path = SleepTight.app; sourceTree = BUILT_PRODUCTS_DIR; };
		4930E36829036B51002DF753 /* SleepTightApp.swift */ = {isa = PBXFileReference; lastKnownFileType = sourcecode.swift; path = SleepTightApp.swift; sourceTree = "<group>"; };
		4930E36A29036B51002DF753 /* MotherView.swift */ = {isa = PBXFileReference; lastKnownFileType = sourcecode.swift; path = MotherView.swift; sourceTree = "<group>"; };
		4930E36E29036B52002DF753 /* SleepTight.entitlements */ = {isa = PBXFileReference; lastKnownFileType = text.plist.entitlements; path = SleepTight.entitlements; sourceTree = "<group>"; };
		4930E37029036B52002DF753 /* Preview Assets.xcassets */ = {isa = PBXFileReference; lastKnownFileType = folder.assetcatalog; path = "Preview Assets.xcassets"; sourceTree = "<group>"; };
		4930E377290373F0002DF753 /* LaunchScreen.swift */ = {isa = PBXFileReference; lastKnownFileType = sourcecode.swift; path = LaunchScreen.swift; sourceTree = "<group>"; };
		4930E37929038B15002DF753 /* UserLoginScreen.swift */ = {isa = PBXFileReference; lastKnownFileType = sourcecode.swift; path = UserLoginScreen.swift; sourceTree = "<group>"; };
		4930E37B29039882002DF753 /* Assets.xcassets */ = {isa = PBXFileReference; lastKnownFileType = folder.assetcatalog; path = Assets.xcassets; sourceTree = "<group>"; };
		497AC62329044C2800540944 /* Helper.swift */ = {isa = PBXFileReference; lastKnownFileType = sourcecode.swift; path = Helper.swift; sourceTree = "<group>"; };
		497AC62529044F3900540944 /* ViewRouter.swift */ = {isa = PBXFileReference; lastKnownFileType = sourcecode.swift; path = ViewRouter.swift; sourceTree = "<group>"; };
		49CD0F9E29045AB500087BCF /* GoogleService-Info.plist */ = {isa = PBXFileReference; fileEncoding = 4; lastKnownFileType = text.plist.xml; path = "GoogleService-Info.plist"; sourceTree = "<group>"; };
		49CD0FA029045AD700087BCF /* GoogleService-Info.plist */ = {isa = PBXFileReference; fileEncoding = 4; lastKnownFileType = text.plist.xml; path = "GoogleService-Info.plist"; sourceTree = "<group>"; };
		49CD0FA529045D4D00087BCF /* UserRegistrationScreen.swift */ = {isa = PBXFileReference; lastKnownFileType = sourcecode.swift; path = UserRegistrationScreen.swift; sourceTree = "<group>"; };
		49CD0FA72904605900087BCF /* DoctorRegistrationScreen.swift */ = {isa = PBXFileReference; lastKnownFileType = sourcecode.swift; path = DoctorRegistrationScreen.swift; sourceTree = "<group>"; };
		49CD0FA92904608500087BCF /* UserHomePage.swift */ = {isa = PBXFileReference; lastKnownFileType = sourcecode.swift; path = UserHomePage.swift; sourceTree = "<group>"; };
		49CD0FAB2904609100087BCF /* DoctorPatientList.swift */ = {isa = PBXFileReference; lastKnownFileType = sourcecode.swift; path = DoctorPatientList.swift; sourceTree = "<group>"; };
		49CD0FAD29046EAB00087BCF /* ChooseTypeScreen.swift */ = {isa = PBXFileReference; lastKnownFileType = sourcecode.swift; path = ChooseTypeScreen.swift; sourceTree = "<group>"; };
		49CD0FAF2904717900087BCF /* DoctorLoginScreen.swift */ = {isa = PBXFileReference; lastKnownFileType = sourcecode.swift; path = DoctorLoginScreen.swift; sourceTree = "<group>"; };
/* End PBXFileReference section */

/* Begin PBXFrameworksBuildPhase section */
		4930E36229036B51002DF753 /* Frameworks */ = {
			isa = PBXFrameworksBuildPhase;
			buildActionMask = 2147483647;
			files = (
				49CD0FA429045B6200087BCF /* FirebaseAuth in Frameworks */,
			);
			runOnlyForDeploymentPostprocessing = 0;
		};
/* End PBXFrameworksBuildPhase section */

/* Begin PBXGroup section */
		4930E35C29036B51002DF753 = {
			isa = PBXGroup;
			children = (
				4930E36729036B51002DF753 /* SleepTight */,
				4930E36629036B51002DF753 /* Products */,
			);
			sourceTree = "<group>";
		};
		4930E36629036B51002DF753 /* Products */ = {
			isa = PBXGroup;
			children = (
				4930E36529036B51002DF753 /* SleepTight.app */,
			);
			name = Products;
			sourceTree = "<group>";
		};
		4930E36729036B51002DF753 /* SleepTight */ = {
			isa = PBXGroup;
			children = (
				4930E36829036B51002DF753 /* SleepTightApp.swift */,
				4930E36A29036B51002DF753 /* MotherView.swift */,
				4930E377290373F0002DF753 /* LaunchScreen.swift */,
				4930E37929038B15002DF753 /* UserLoginScreen.swift */,
				49CD0FAF2904717900087BCF /* DoctorLoginScreen.swift */,
				49CD0FA529045D4D00087BCF /* UserRegistrationScreen.swift */,
				49CD0FA72904605900087BCF /* DoctorRegistrationScreen.swift */,
				49CD0FA92904608500087BCF /* UserHomePage.swift */,
				49CD0FAD29046EAB00087BCF /* ChooseTypeScreen.swift */,
				49CD0FAB2904609100087BCF /* DoctorPatientList.swift */,
				497AC62329044C2800540944 /* Helper.swift */,
				497AC62529044F3900540944 /* ViewRouter.swift */,
				4930E37B29039882002DF753 /* Assets.xcassets */,
				4930E36E29036B52002DF753 /* SleepTight.entitlements */,
				49CD0FA029045AD700087BCF /* GoogleService-Info.plist */,
				4930E36F29036B52002DF753 /* Preview Content */,
			);
			path = SleepTight;
			sourceTree = "<group>";
		};
		4930E36F29036B52002DF753 /* Preview Content */ = {
			isa = PBXGroup;
			children = (
				49CD0F9E29045AB500087BCF /* GoogleService-Info.plist */,
				4930E37029036B52002DF753 /* Preview Assets.xcassets */,
			);
			path = "Preview Content";
			sourceTree = "<group>";
		};
/* End PBXGroup section */

/* Begin PBXNativeTarget section */
		4930E36429036B51002DF753 /* SleepTight */ = {
			isa = PBXNativeTarget;
			buildConfigurationList = 4930E37429036B52002DF753 /* Build configuration list for PBXNativeTarget "SleepTight" */;
			buildPhases = (
				4930E36129036B51002DF753 /* Sources */,
				4930E36229036B51002DF753 /* Frameworks */,
				4930E36329036B51002DF753 /* Resources */,
			);
			buildRules = (
			);
			dependencies = (
			);
			name = SleepTight;
			packageProductDependencies = (
				49CD0FA329045B6200087BCF /* FirebaseAuth */,
			);
			productName = SleepTight;
			productReference = 4930E36529036B51002DF753 /* SleepTight.app */;
			productType = "com.apple.product-type.application";
		};
/* End PBXNativeTarget section */

/* Begin PBXProject section */
		4930E35D29036B51002DF753 /* Project object */ = {
			isa = PBXProject;
			attributes = {
				BuildIndependentTargetsInParallel = 1;
				LastSwiftUpdateCheck = 1400;
				LastUpgradeCheck = 1400;
				TargetAttributes = {
					4930E36429036B51002DF753 = {
						CreatedOnToolsVersion = 14.0.1;
					};
				};
			};
			buildConfigurationList = 4930E36029036B51002DF753 /* Build configuration list for PBXProject "SleepTight" */;
			compatibilityVersion = "Xcode 14.0";
			developmentRegion = en;
			hasScannedForEncodings = 0;
			knownRegions = (
				en,
				Base,
			);
			mainGroup = 4930E35C29036B51002DF753;
			packageReferences = (
				49CD0FA229045B6200087BCF /* XCRemoteSwiftPackageReference "firebase-ios-sdk" */,
			);
			productRefGroup = 4930E36629036B51002DF753 /* Products */;
			projectDirPath = "";
			projectRoot = "";
			targets = (
				4930E36429036B51002DF753 /* SleepTight */,
			);
		};
/* End PBXProject section */

/* Begin PBXResourcesBuildPhase section */
		4930E36329036B51002DF753 /* Resources */ = {
			isa = PBXResourcesBuildPhase;
			buildActionMask = 2147483647;
			files = (
				4930E37129036B52002DF753 /* Preview Assets.xcassets in Resources */,
				49CD0FA129045AD700087BCF /* GoogleService-Info.plist in Resources */,
			);
			runOnlyForDeploymentPostprocessing = 0;
		};
/* End PBXResourcesBuildPhase section */

/* Begin PBXSourcesBuildPhase section */
		4930E36129036B51002DF753 /* Sources */ = {
			isa = PBXSourcesBuildPhase;
			buildActionMask = 2147483647;
			files = (
				49CD0FA629045D4D00087BCF /* UserRegistrationScreen.swift in Sources */,
				4930E37A29038B15002DF753 /* UserLoginScreen.swift in Sources */,
				49CD0FAC2904609100087BCF /* DoctorPatientList.swift in Sources */,
				49CD0FAE29046EAB00087BCF /* ChooseTypeScreen.swift in Sources */,
				4930E36B29036B51002DF753 /* MotherView.swift in Sources */,
				497AC62429044C2800540944 /* Helper.swift in Sources */,
				49CD0FB02904717900087BCF /* DoctorLoginScreen.swift in Sources */,
				497AC62629044F3900540944 /* ViewRouter.swift in Sources */,
				4930E378290373F0002DF753 /* LaunchScreen.swift in Sources */,
				4930E36929036B51002DF753 /* SleepTightApp.swift in Sources */,
				49CD0FAA2904608500087BCF /* UserHomePage.swift in Sources */,
				49CD0FA82904605900087BCF /* DoctorRegistrationScreen.swift in Sources */,
			);
			runOnlyForDeploymentPostprocessing = 0;
		};
/* End PBXSourcesBuildPhase section */

/* Begin XCBuildConfiguration section */
		4930E37229036B52002DF753 /* Debug */ = {
			isa = XCBuildConfiguration;
			buildSettings = {
				ALWAYS_SEARCH_USER_PATHS = NO;
				CLANG_ANALYZER_NONNULL = YES;
				CLANG_ANALYZER_NUMBER_OBJECT_CONVERSION = YES_AGGRESSIVE;
				CLANG_CXX_LANGUAGE_STANDARD = "gnu++20";
				CLANG_ENABLE_MODULES = YES;
				CLANG_ENABLE_OBJC_ARC = YES;
				CLANG_ENABLE_OBJC_WEAK = YES;
				CLANG_WARN_BLOCK_CAPTURE_AUTORELEASING = YES;
				CLANG_WARN_BOOL_CONVERSION = YES;
				CLANG_WARN_COMMA = YES;
				CLANG_WARN_CONSTANT_CONVERSION = YES;
				CLANG_WARN_DEPRECATED_OBJC_IMPLEMENTATIONS = YES;
				CLANG_WARN_DIRECT_OBJC_ISA_USAGE = YES_ERROR;
				CLANG_WARN_DOCUMENTATION_COMMENTS = YES;
				CLANG_WARN_EMPTY_BODY = YES;
				CLANG_WARN_ENUM_CONVERSION = YES;
				CLANG_WARN_INFINITE_RECURSION = YES;
				CLANG_WARN_INT_CONVERSION = YES;
				CLANG_WARN_NON_LITERAL_NULL_CONVERSION = YES;
				CLANG_WARN_OBJC_IMPLICIT_RETAIN_SELF = YES;
				CLANG_WARN_OBJC_LITERAL_CONVERSION = YES;
				CLANG_WARN_OBJC_ROOT_CLASS = YES_ERROR;
				CLANG_WARN_QUOTED_INCLUDE_IN_FRAMEWORK_HEADER = YES;
				CLANG_WARN_RANGE_LOOP_ANALYSIS = YES;
				CLANG_WARN_STRICT_PROTOTYPES = YES;
				CLANG_WARN_SUSPICIOUS_MOVE = YES;
				CLANG_WARN_UNGUARDED_AVAILABILITY = YES_AGGRESSIVE;
				CLANG_WARN_UNREACHABLE_CODE = YES;
				CLANG_WARN__DUPLICATE_METHOD_MATCH = YES;
				COPY_PHASE_STRIP = NO;
				DEBUG_INFORMATION_FORMAT = dwarf;
				ENABLE_STRICT_OBJC_MSGSEND = YES;
				ENABLE_TESTABILITY = YES;
				GCC_C_LANGUAGE_STANDARD = gnu11;
				GCC_DYNAMIC_NO_PIC = NO;
				GCC_NO_COMMON_BLOCKS = YES;
				GCC_OPTIMIZATION_LEVEL = 0;
				GCC_PREPROCESSOR_DEFINITIONS = (
					"DEBUG=1",
					"$(inherited)",
				);
				GCC_WARN_64_TO_32_BIT_CONVERSION = YES;
				GCC_WARN_ABOUT_RETURN_TYPE = YES_ERROR;
				GCC_WARN_UNDECLARED_SELECTOR = YES;
				GCC_WARN_UNINITIALIZED_AUTOS = YES_AGGRESSIVE;
				GCC_WARN_UNUSED_FUNCTION = YES;
				GCC_WARN_UNUSED_VARIABLE = YES;
				MTL_ENABLE_DEBUG_INFO = INCLUDE_SOURCE;
				MTL_FAST_MATH = YES;
				ONLY_ACTIVE_ARCH = YES;
				SWIFT_ACTIVE_COMPILATION_CONDITIONS = DEBUG;
				SWIFT_OPTIMIZATION_LEVEL = "-Onone";
			};
			name = Debug;
		};
		4930E37329036B52002DF753 /* Release */ = {
			isa = XCBuildConfiguration;
			buildSettings = {
				ALWAYS_SEARCH_USER_PATHS = NO;
				CLANG_ANALYZER_NONNULL = YES;
				CLANG_ANALYZER_NUMBER_OBJECT_CONVERSION = YES_AGGRESSIVE;
				CLANG_CXX_LANGUAGE_STANDARD = "gnu++20";
				CLANG_ENABLE_MODULES = YES;
				CLANG_ENABLE_OBJC_ARC = YES;
				CLANG_ENABLE_OBJC_WEAK = YES;
				CLANG_WARN_BLOCK_CAPTURE_AUTORELEASING = YES;
				CLANG_WARN_BOOL_CONVERSION = YES;
				CLANG_WARN_COMMA = YES;
				CLANG_WARN_CONSTANT_CONVERSION = YES;
				CLANG_WARN_DEPRECATED_OBJC_IMPLEMENTATIONS = YES;
				CLANG_WARN_DIRECT_OBJC_ISA_USAGE = YES_ERROR;
				CLANG_WARN_DOCUMENTATION_COMMENTS = YES;
				CLANG_WARN_EMPTY_BODY = YES;
				CLANG_WARN_ENUM_CONVERSION = YES;
				CLANG_WARN_INFINITE_RECURSION = YES;
				CLANG_WARN_INT_CONVERSION = YES;
				CLANG_WARN_NON_LITERAL_NULL_CONVERSION = YES;
				CLANG_WARN_OBJC_IMPLICIT_RETAIN_SELF = YES;
				CLANG_WARN_OBJC_LITERAL_CONVERSION = YES;
				CLANG_WARN_OBJC_ROOT_CLASS = YES_ERROR;
				CLANG_WARN_QUOTED_INCLUDE_IN_FRAMEWORK_HEADER = YES;
				CLANG_WARN_RANGE_LOOP_ANALYSIS = YES;
				CLANG_WARN_STRICT_PROTOTYPES = YES;
				CLANG_WARN_SUSPICIOUS_MOVE = YES;
				CLANG_WARN_UNGUARDED_AVAILABILITY = YES_AGGRESSIVE;
				CLANG_WARN_UNREACHABLE_CODE = YES;
				CLANG_WARN__DUPLICATE_METHOD_MATCH = YES;
				COPY_PHASE_STRIP = NO;
				DEBUG_INFORMATION_FORMAT = "dwarf-with-dsym";
				ENABLE_NS_ASSERTIONS = NO;
				ENABLE_STRICT_OBJC_MSGSEND = YES;
				GCC_C_LANGUAGE_STANDARD = gnu11;
				GCC_NO_COMMON_BLOCKS = YES;
				GCC_WARN_64_TO_32_BIT_CONVERSION = YES;
				GCC_WARN_ABOUT_RETURN_TYPE = YES_ERROR;
				GCC_WARN_UNDECLARED_SELECTOR = YES;
				GCC_WARN_UNINITIALIZED_AUTOS = YES_AGGRESSIVE;
				GCC_WARN_UNUSED_FUNCTION = YES;
				GCC_WARN_UNUSED_VARIABLE = YES;
				MTL_ENABLE_DEBUG_INFO = NO;
				MTL_FAST_MATH = YES;
				SWIFT_COMPILATION_MODE = wholemodule;
				SWIFT_OPTIMIZATION_LEVEL = "-O";
			};
			name = Release;
		};
		4930E37529036B52002DF753 /* Debug */ = {
			isa = XCBuildConfiguration;
			buildSettings = {
				ASSETCATALOG_COMPILER_APPICON_NAME = AppIcon;
				ASSETCATALOG_COMPILER_GLOBAL_ACCENT_COLOR_NAME = AccentColor;
				CODE_SIGN_ENTITLEMENTS = SleepTight/SleepTight.entitlements;
				CODE_SIGN_STYLE = Automatic;
				CURRENT_PROJECT_VERSION = 1;
				DEVELOPMENT_ASSET_PATHS = "\"SleepTight/Preview Content\"";
				ENABLE_PREVIEWS = YES;
				GENERATE_INFOPLIST_FILE = YES;
				"INFOPLIST_KEY_UIApplicationSceneManifest_Generation[sdk=iphoneos*]" = YES;
				"INFOPLIST_KEY_UIApplicationSceneManifest_Generation[sdk=iphonesimulator*]" = YES;
				"INFOPLIST_KEY_UIApplicationSupportsIndirectInputEvents[sdk=iphoneos*]" = YES;
				"INFOPLIST_KEY_UIApplicationSupportsIndirectInputEvents[sdk=iphonesimulator*]" = YES;
				"INFOPLIST_KEY_UILaunchScreen_Generation[sdk=iphoneos*]" = YES;
				"INFOPLIST_KEY_UILaunchScreen_Generation[sdk=iphonesimulator*]" = YES;
				"INFOPLIST_KEY_UIStatusBarStyle[sdk=iphoneos*]" = UIStatusBarStyleDefault;
				"INFOPLIST_KEY_UIStatusBarStyle[sdk=iphonesimulator*]" = UIStatusBarStyleDefault;
				INFOPLIST_KEY_UISupportedInterfaceOrientations_iPad = "UIInterfaceOrientationPortrait UIInterfaceOrientationPortraitUpsideDown UIInterfaceOrientationLandscapeLeft UIInterfaceOrientationLandscapeRight";
				INFOPLIST_KEY_UISupportedInterfaceOrientations_iPhone = "UIInterfaceOrientationPortrait UIInterfaceOrientationLandscapeLeft UIInterfaceOrientationLandscapeRight";
				IPHONEOS_DEPLOYMENT_TARGET = 15.0;
				LD_RUNPATH_SEARCH_PATHS = "@executable_path/Frameworks";
				"LD_RUNPATH_SEARCH_PATHS[sdk=macosx*]" = "@executable_path/../Frameworks";
				MACOSX_DEPLOYMENT_TARGET = 12.3;
				MARKETING_VERSION = 1.0;
				PRODUCT_BUNDLE_IDENTIFIER = com.SleepTight;
				PRODUCT_NAME = "$(TARGET_NAME)";
				SDKROOT = auto;
				SUPPORTED_PLATFORMS = "iphoneos iphonesimulator macosx";
				SWIFT_EMIT_LOC_STRINGS = YES;
				SWIFT_VERSION = 5.0;
				TARGETED_DEVICE_FAMILY = "1,2";
			};
			name = Debug;
		};
		4930E37629036B52002DF753 /* Release */ = {
			isa = XCBuildConfiguration;
			buildSettings = {
				ASSETCATALOG_COMPILER_APPICON_NAME = AppIcon;
				ASSETCATALOG_COMPILER_GLOBAL_ACCENT_COLOR_NAME = AccentColor;
				CODE_SIGN_ENTITLEMENTS = SleepTight/SleepTight.entitlements;
				CODE_SIGN_STYLE = Automatic;
				CURRENT_PROJECT_VERSION = 1;
				DEVELOPMENT_ASSET_PATHS = "\"SleepTight/Preview Content\"";
				ENABLE_PREVIEWS = YES;
				GENERATE_INFOPLIST_FILE = YES;
				"INFOPLIST_KEY_UIApplicationSceneManifest_Generation[sdk=iphoneos*]" = YES;
				"INFOPLIST_KEY_UIApplicationSceneManifest_Generation[sdk=iphonesimulator*]" = YES;
				"INFOPLIST_KEY_UIApplicationSupportsIndirectInputEvents[sdk=iphoneos*]" = YES;
				"INFOPLIST_KEY_UIApplicationSupportsIndirectInputEvents[sdk=iphonesimulator*]" = YES;
				"INFOPLIST_KEY_UILaunchScreen_Generation[sdk=iphoneos*]" = YES;
				"INFOPLIST_KEY_UILaunchScreen_Generation[sdk=iphonesimulator*]" = YES;
				"INFOPLIST_KEY_UIStatusBarStyle[sdk=iphoneos*]" = UIStatusBarStyleDefault;
				"INFOPLIST_KEY_UIStatusBarStyle[sdk=iphonesimulator*]" = UIStatusBarStyleDefault;
				INFOPLIST_KEY_UISupportedInterfaceOrientations_iPad = "UIInterfaceOrientationPortrait UIInterfaceOrientationPortraitUpsideDown UIInterfaceOrientationLandscapeLeft UIInterfaceOrientationLandscapeRight";
				INFOPLIST_KEY_UISupportedInterfaceOrientations_iPhone = "UIInterfaceOrientationPortrait UIInterfaceOrientationLandscapeLeft UIInterfaceOrientationLandscapeRight";
				IPHONEOS_DEPLOYMENT_TARGET = 15.0;
				LD_RUNPATH_SEARCH_PATHS = "@executable_path/Frameworks";
				"LD_RUNPATH_SEARCH_PATHS[sdk=macosx*]" = "@executable_path/../Frameworks";
				MACOSX_DEPLOYMENT_TARGET = 12.3;
				MARKETING_VERSION = 1.0;
				PRODUCT_BUNDLE_IDENTIFIER = com.SleepTight;
				PRODUCT_NAME = "$(TARGET_NAME)";
				SDKROOT = auto;
				SUPPORTED_PLATFORMS = "iphoneos iphonesimulator macosx";
				SWIFT_EMIT_LOC_STRINGS = YES;
				SWIFT_VERSION = 5.0;
				TARGETED_DEVICE_FAMILY = "1,2";
			};
			name = Release;
		};
/* End XCBuildConfiguration section */

/* Begin XCConfigurationList section */
		4930E36029036B51002DF753 /* Build configuration list for PBXProject "SleepTight" */ = {
			isa = XCConfigurationList;
			buildConfigurations = (
				4930E37229036B52002DF753 /* Debug */,
				4930E37329036B52002DF753 /* Release */,
			);
			defaultConfigurationIsVisible = 0;
			defaultConfigurationName = Release;
		};
		4930E37429036B52002DF753 /* Build configuration list for PBXNativeTarget "SleepTight" */ = {
			isa = XCConfigurationList;
			buildConfigurations = (
				4930E37529036B52002DF753 /* Debug */,
				4930E37629036B52002DF753 /* Release */,
			);
			defaultConfigurationIsVisible = 0;
			defaultConfigurationName = Release;
		};
/* End XCConfigurationList section */

/* Begin XCRemoteSwiftPackageReference section */
		49CD0FA229045B6200087BCF /* XCRemoteSwiftPackageReference "firebase-ios-sdk" */ = {
			isa = XCRemoteSwiftPackageReference;
			repositoryURL = "https://github.com/firebase/firebase-ios-sdk";
			requirement = {
				kind = upToNextMajorVersion;
				minimumVersion = 9.0.0;
			};
		};
/* End XCRemoteSwiftPackageReference section */

/* Begin XCSwiftPackageProductDependency section */
		49CD0FA329045B6200087BCF /* FirebaseAuth */ = {
			isa = XCSwiftPackageProductDependency;
			package = 49CD0FA229045B6200087BCF /* XCRemoteSwiftPackageReference "firebase-ios-sdk" */;
			productName = FirebaseAuth;
		};
/* End XCSwiftPackageProductDependency section */
	};
	rootObject = 4930E35D29036B51002DF753 /* Project object */;
}
